
Microsoft Visual Studio Solution File, Format Version 12.00
# Visual Studio Version 17
VisualStudioVersion = 17.11.35431.28
MinimumVisualStudioVersion = 10.0.40219.1
Project("{FAE04EC0-301F-11D3-BF4B-00C04F79EFBC}") = "SleepNow", "SleepNow\SleepNow.csproj", "{1C177C8E-5346-4744-85DC-704786C3D2FD}"
EndProject
Global
	GlobalSection(SolutionConfigurationPlatforms) = preSolution
		Debug|Any CPU = Debug|Any CPU
		Release|Any CPU = Release|Any CPU
	EndGlobalSection
	GlobalSection(ProjectConfigurationPlatforms) = postSolution
		{1C177C8E-5346-4744-85DC-704786C3D2FD}.Debug|Any CPU.ActiveCfg = Debug|Any CPU
		{1C177C8E-5346-4744-85DC-704786C3D2FD}.Debug|Any CPU.Build.0 = Debug|Any CPU
		{1C177C8E-5346-4744-85DC-704786C3D2FD}.Release|Any CPU.ActiveCfg = Release|Any CPU
		{1C177C8E-5346-4744-85DC-704786C3D2FD}.Release|Any CPU.Build.0 = Release|Any CPU
	EndGlobalSection
	GlobalSection(SolutionProperties) = preSolution
		HideSolutionNode = FALSE
	EndGlobalSection
	GlobalSection(ExtensibilityGlobals) = postSolution
		SolutionGuid = {29D41144-F153-4F78-8B3A-17D1EF47CE09}
	EndGlobalSection
EndGlobal
